
Microsoft Visual Studio Solution File, Format Version 12.00
# Visual Studio Version 16
VisualStudioVersion = 16.0.30523.141
MinimumVisualStudioVersion = 10.0.40219.1
Project("{9A19103F-16F7-4668-BE54-9A1E7A4F7556}") = "RestAPI_RealtorAssistant", "RestAPI_RealtorAssistant\RestAPI_RealtorAssistant.csproj", "{B2489C03-CE69-44D8-B1AF-5C38AD10EF98}"
EndProject
Project("{FAE04EC0-301F-11D3-BF4B-00C04F79EFBC}") = "Client_RealtorAssistant", "Client_RealtorAssistant\Client_RealtorAssistant.csproj", "{AE1D0A8B-E29F-4341-A95C-6E666872B729}"
EndProject
Global
	GlobalSection(SolutionConfigurationPlatforms) = preSolution
		Debug|Any CPU = Debug|Any CPU
		Release|Any CPU = Release|Any CPU
	EndGlobalSection
	GlobalSection(ProjectConfigurationPlatforms) = postSolution
		{B2489C03-CE69-44D8-B1AF-5C38AD10EF98}.Debug|Any CPU.ActiveCfg = Debug|Any CPU
		{B2489C03-CE69-44D8-B1AF-5C38AD10EF98}.Debug|Any CPU.Build.0 = Debug|Any CPU
		{B2489C03-CE69-44D8-B1AF-5C38AD10EF98}.Release|Any CPU.ActiveCfg = Release|Any CPU
		{B2489C03-CE69-44D8-B1AF-5C38AD10EF98}.Release|Any CPU.Build.0 = Release|Any CPU
		{AE1D0A8B-E29F-4341-A95C-6E666872B729}.Debug|Any CPU.ActiveCfg = Debug|Any CPU
		{AE1D0A8B-E29F-4341-A95C-6E666872B729}.Debug|Any CPU.Build.0 = Debug|Any CPU
		{AE1D0A8B-E29F-4341-A95C-6E666872B729}.Release|Any CPU.ActiveCfg = Release|Any CPU
		{AE1D0A8B-E29F-4341-A95C-6E666872B729}.Release|Any CPU.Build.0 = Release|Any CPU
	EndGlobalSection
	GlobalSection(SolutionProperties) = preSolution
		HideSolutionNode = FALSE
	EndGlobalSection
	GlobalSection(ExtensibilityGlobals) = postSolution
		SolutionGuid = {416294ED-4A70-4256-8C14-5CC531552D59}
	EndGlobalSection
EndGlobal
